
Microsoft Visual Studio Solution File, Format Version 12.00
# Visual Studio Version 17
VisualStudioVersion = 17.7.34018.315
MinimumVisualStudioVersion = 10.0.40219.1
Project("{FAE04EC0-301F-11D3-BF4B-00C04F79EFBC}") = "DataProvider", "DataProvider\DataProvider.csproj", "{10EA13F5-8ED5-4061-9400-55DC66020066}"
EndProject
Project("{FAE04EC0-301F-11D3-BF4B-00C04F79EFBC}") = "ClinicMVC", "ClinicMVC\ClinicMVC.csproj", "{1EF1D3BA-C726-4F73-A435-690ECDA15205}"
EndProject
Project("{FAE04EC0-301F-11D3-BF4B-00C04F79EFBC}") = "ClinicalTesting", "ClinicalTesting\ClinicalTesting.csproj", "{70384354-2B73-48C0-B455-DA18CBA892D6}"
EndProject
Global
	GlobalSection(SolutionConfigurationPlatforms) = preSolution
		Debug|Any CPU = Debug|Any CPU
		Release|Any CPU = Release|Any CPU
	EndGlobalSection
	GlobalSection(ProjectConfigurationPlatforms) = postSolution
		{10EA13F5-8ED5-4061-9400-55DC66020066}.Debug|Any CPU.ActiveCfg = Debug|Any CPU
		{10EA13F5-8ED5-4061-9400-55DC66020066}.Debug|Any CPU.Build.0 = Debug|Any CPU
		{10EA13F5-8ED5-4061-9400-55DC66020066}.Release|Any CPU.ActiveCfg = Release|Any CPU
		{10EA13F5-8ED5-4061-9400-55DC66020066}.Release|Any CPU.Build.0 = Release|Any CPU
		{1EF1D3BA-C726-4F73-A435-690ECDA15205}.Debug|Any CPU.ActiveCfg = Debug|Any CPU
		{1EF1D3BA-C726-4F73-A435-690ECDA15205}.Debug|Any CPU.Build.0 = Debug|Any CPU
		{1EF1D3BA-C726-4F73-A435-690ECDA15205}.Release|Any CPU.ActiveCfg = Release|Any CPU
		{1EF1D3BA-C726-4F73-A435-690ECDA15205}.Release|Any CPU.Build.0 = Release|Any CPU
		{70384354-2B73-48C0-B455-DA18CBA892D6}.Debug|Any CPU.ActiveCfg = Debug|Any CPU
		{70384354-2B73-48C0-B455-DA18CBA892D6}.Debug|Any CPU.Build.0 = Debug|Any CPU
		{70384354-2B73-48C0-B455-DA18CBA892D6}.Release|Any CPU.ActiveCfg = Release|Any CPU
		{70384354-2B73-48C0-B455-DA18CBA892D6}.Release|Any CPU.Build.0 = Release|Any CPU
	EndGlobalSection
	GlobalSection(SolutionProperties) = preSolution
		HideSolutionNode = FALSE
	EndGlobalSection
	GlobalSection(ExtensibilityGlobals) = postSolution
		SolutionGuid = {DA7C0D1F-2146-4918-842E-3227EB989379}
	EndGlobalSection
EndGlobal
